# This file is automatically @generated by Cargo.
# It is not intended for manual editing.
version = 4

[[package]]
name = "assoc_types"
version = "0.1.0"
dependencies = [
 "iter",
]

[[package]]
name = "iter"
version = "0.1.0"
source = "registry+https://github.com/rust-lang/crates.io-index"
checksum = "b3b2e3c8e73c68d760d0c421025a2b740727f1e807bd4a3d6de2ceb886c5dcb9"
